
Microsoft Visual Studio Solution File, Format Version 12.00
# Visual Studio Version 17
VisualStudioVersion = 17.1.32210.238
MinimumVisualStudioVersion = 10.0.40219.1
Project("{9A19103F-16F7-4668-BE54-9A1E7A4F7556}") = "WPF", "WPF\WPF.csproj", "{9B520531-02D3-424E-B86C-D9CF25EC7ABE}"
EndProject
Project("{9A19103F-16F7-4668-BE54-9A1E7A4F7556}") = "Calculyator", "Calculyator\Calculyator.csproj", "{1A156E1D-E33C-4A96-AD5E-9BD25544A187}"
EndProject
Project("{FAE04EC0-301F-11D3-BF4B-00C04F79EFBC}") = "Lesson 7", "Lesson 7\Lesson 7.csproj", "{07C0A61C-0D4A-419A-AEE2-BC60BB25A38F}"
EndProject
Global
	GlobalSection(SolutionConfigurationPlatforms) = preSolution
		Debug|Any CPU = Debug|Any CPU
		Release|Any CPU = Release|Any CPU
	EndGlobalSection
	GlobalSection(ProjectConfigurationPlatforms) = postSolution
		{9B520531-02D3-424E-B86C-D9CF25EC7ABE}.Debug|Any CPU.ActiveCfg = Debug|Any CPU
		{9B520531-02D3-424E-B86C-D9CF25EC7ABE}.Debug|Any CPU.Build.0 = Debug|Any CPU
		{9B520531-02D3-424E-B86C-D9CF25EC7ABE}.Release|Any CPU.ActiveCfg = Release|Any CPU
		{9B520531-02D3-424E-B86C-D9CF25EC7ABE}.Release|Any CPU.Build.0 = Release|Any CPU
		{1A156E1D-E33C-4A96-AD5E-9BD25544A187}.Debug|Any CPU.ActiveCfg = Debug|Any CPU
		{1A156E1D-E33C-4A96-AD5E-9BD25544A187}.Debug|Any CPU.Build.0 = Debug|Any CPU
		{1A156E1D-E33C-4A96-AD5E-9BD25544A187}.Release|Any CPU.ActiveCfg = Release|Any CPU
		{1A156E1D-E33C-4A96-AD5E-9BD25544A187}.Release|Any CPU.Build.0 = Release|Any CPU
		{07C0A61C-0D4A-419A-AEE2-BC60BB25A38F}.Debug|Any CPU.ActiveCfg = Debug|Any CPU
		{07C0A61C-0D4A-419A-AEE2-BC60BB25A38F}.Debug|Any CPU.Build.0 = Debug|Any CPU
		{07C0A61C-0D4A-419A-AEE2-BC60BB25A38F}.Release|Any CPU.ActiveCfg = Release|Any CPU
		{07C0A61C-0D4A-419A-AEE2-BC60BB25A38F}.Release|Any CPU.Build.0 = Release|Any CPU
	EndGlobalSection
	GlobalSection(SolutionProperties) = preSolution
		HideSolutionNode = FALSE
	EndGlobalSection
	GlobalSection(ExtensibilityGlobals) = postSolution
		SolutionGuid = {4C8C9162-AD0D-4410-9E78-E5EB8EFBAF7B}
	EndGlobalSection
EndGlobal
